
Microsoft Visual Studio Solution File, Format Version 12.00
Project("{FAE04EC0-301F-11D3-BF4B-00C04F79EFBC}") = "GetStartedApp", "GetStartedApp\GetStartedApp.csproj", "{2674DCED-482D-4CDE-ABC8-2448CD597052}"
EndProject
Global
	GlobalSection(SolutionConfigurationPlatforms) = preSolution
		Debug|Any CPU = Debug|Any CPU
		Release|Any CPU = Release|Any CPU
	EndGlobalSection
	GlobalSection(ProjectConfigurationPlatforms) = postSolution
		{2674DCED-482D-4CDE-ABC8-2448CD597052}.Debug|Any CPU.ActiveCfg = Debug|Any CPU
		{2674DCED-482D-4CDE-ABC8-2448CD597052}.Debug|Any CPU.Build.0 = Debug|Any CPU
		{2674DCED-482D-4CDE-ABC8-2448CD597052}.Release|Any CPU.ActiveCfg = Release|Any CPU
		{2674DCED-482D-4CDE-ABC8-2448CD597052}.Release|Any CPU.Build.0 = Release|Any CPU
	EndGlobalSection
EndGlobal
